
Microsoft Visual Studio Solution File, Format Version 12.00
# Visual Studio Version 17
VisualStudioVersion = 17.7.34018.315
MinimumVisualStudioVersion = 10.0.40219.1
Project("{2150E333-8FDC-42A3-9474-1A3956D46DE8}") = "src", "src", "{59E430B8-49E1-4E4B-8508-DE76FDBB34ED}"
EndProject
Project("{2150E333-8FDC-42A3-9474-1A3956D46DE8}") = "test", "test", "{99EC7202-747F-4940-A247-438EE1E36E61}"
EndProject
Project("{2150E333-8FDC-42A3-9474-1A3956D46DE8}") = "Core", "Core", "{F62FD0E1-D7A7-4C14-A50D-C657D2931569}"
EndProject
Project("{2150E333-8FDC-42A3-9474-1A3956D46DE8}") = "External", "External", "{5D2223F3-AB9D-406F-8A48-C95149B1DCED}"
EndProject
Project("{9A19103F-16F7-4668-BE54-9A1E7A4F7556}") = "Web", "src\Web\Web.csproj", "{B6C7B493-5EBE-4516-9C49-39AD93B7DA95}"
EndProject
Project("{9A19103F-16F7-4668-BE54-9A1E7A4F7556}") = "Infrastructure", "src\External\Infrastructure\Infrastructure.csproj", "{633F5C7B-AABE-4E6F-9058-69C316693BE8}"
EndProject
Project("{9A19103F-16F7-4668-BE54-9A1E7A4F7556}") = "Presentation", "src\External\Presentation\Presentation.csproj", "{2833FB5C-7D02-4372-AFC2-CB9CA754D011}"
EndProject
Project("{9A19103F-16F7-4668-BE54-9A1E7A4F7556}") = "Application", "src\Core\Application\Application.csproj", "{7D37B414-8DA3-4579-ACB3-351C28A1130E}"
EndProject
Project("{9A19103F-16F7-4668-BE54-9A1E7A4F7556}") = "Domain", "src\Core\Domain\Domain.csproj", "{B47ED19E-8E66-4D36-A2B2-897B4E978274}"
EndProject
Project("{E53339B2-1760-4266-BCC7-CA923CBCF16C}") = "docker-compose", "docker-compose.dcproj", "{00E3A8BB-C41C-4AA2-8297-A3B134758ADD}"
EndProject
Project("{FAE04EC0-301F-11D3-BF4B-00C04F79EFBC}") = "Architecture.Tests", "test\Architecture.Tests\Architecture.Tests.csproj", "{CD9784A1-68B7-4D08-B461-5BFA47FC8351}"
EndProject
Global
	GlobalSection(SolutionConfigurationPlatforms) = preSolution
		Debug|Any CPU = Debug|Any CPU
		Release|Any CPU = Release|Any CPU
	EndGlobalSection
	GlobalSection(ProjectConfigurationPlatforms) = postSolution
		{B6C7B493-5EBE-4516-9C49-39AD93B7DA95}.Debug|Any CPU.ActiveCfg = Debug|Any CPU
		{B6C7B493-5EBE-4516-9C49-39AD93B7DA95}.Debug|Any CPU.Build.0 = Debug|Any CPU
		{B6C7B493-5EBE-4516-9C49-39AD93B7DA95}.Release|Any CPU.ActiveCfg = Release|Any CPU
		{B6C7B493-5EBE-4516-9C49-39AD93B7DA95}.Release|Any CPU.Build.0 = Release|Any CPU
		{633F5C7B-AABE-4E6F-9058-69C316693BE8}.Debug|Any CPU.ActiveCfg = Debug|Any CPU
		{633F5C7B-AABE-4E6F-9058-69C316693BE8}.Debug|Any CPU.Build.0 = Debug|Any CPU
		{633F5C7B-AABE-4E6F-9058-69C316693BE8}.Release|Any CPU.ActiveCfg = Release|Any CPU
		{633F5C7B-AABE-4E6F-9058-69C316693BE8}.Release|Any CPU.Build.0 = Release|Any CPU
		{2833FB5C-7D02-4372-AFC2-CB9CA754D011}.Debug|Any CPU.ActiveCfg = Debug|Any CPU
		{2833FB5C-7D02-4372-AFC2-CB9CA754D011}.Debug|Any CPU.Build.0 = Debug|Any CPU
		{2833FB5C-7D02-4372-AFC2-CB9CA754D011}.Release|Any CPU.ActiveCfg = Release|Any CPU
		{2833FB5C-7D02-4372-AFC2-CB9CA754D011}.Release|Any CPU.Build.0 = Release|Any CPU
		{7D37B414-8DA3-4579-ACB3-351C28A1130E}.Debug|Any CPU.ActiveCfg = Debug|Any CPU
		{7D37B414-8DA3-4579-ACB3-351C28A1130E}.Debug|Any CPU.Build.0 = Debug|Any CPU
		{7D37B414-8DA3-4579-ACB3-351C28A1130E}.Release|Any CPU.ActiveCfg = Release|Any CPU
		{7D37B414-8DA3-4579-ACB3-351C28A1130E}.Release|Any CPU.Build.0 = Release|Any CPU
		{B47ED19E-8E66-4D36-A2B2-897B4E978274}.Debug|Any CPU.ActiveCfg = Debug|Any CPU
		{B47ED19E-8E66-4D36-A2B2-897B4E978274}.Debug|Any CPU.Build.0 = Debug|Any CPU
		{B47ED19E-8E66-4D36-A2B2-897B4E978274}.Release|Any CPU.ActiveCfg = Release|Any CPU
		{B47ED19E-8E66-4D36-A2B2-897B4E978274}.Release|Any CPU.Build.0 = Release|Any CPU
		{00E3A8BB-C41C-4AA2-8297-A3B134758ADD}.Debug|Any CPU.ActiveCfg = Debug|Any CPU
		{00E3A8BB-C41C-4AA2-8297-A3B134758ADD}.Debug|Any CPU.Build.0 = Debug|Any CPU
		{00E3A8BB-C41C-4AA2-8297-A3B134758ADD}.Release|Any CPU.ActiveCfg = Release|Any CPU
		{00E3A8BB-C41C-4AA2-8297-A3B134758ADD}.Release|Any CPU.Build.0 = Release|Any CPU
		{CD9784A1-68B7-4D08-B461-5BFA47FC8351}.Debug|Any CPU.ActiveCfg = Debug|Any CPU
		{CD9784A1-68B7-4D08-B461-5BFA47FC8351}.Debug|Any CPU.Build.0 = Debug|Any CPU
		{CD9784A1-68B7-4D08-B461-5BFA47FC8351}.Release|Any CPU.ActiveCfg = Release|Any CPU
		{CD9784A1-68B7-4D08-B461-5BFA47FC8351}.Release|Any CPU.Build.0 = Release|Any CPU
	EndGlobalSection
	GlobalSection(SolutionProperties) = preSolution
		HideSolutionNode = FALSE
	EndGlobalSection
	GlobalSection(NestedProjects) = preSolution
		{F62FD0E1-D7A7-4C14-A50D-C657D2931569} = {59E430B8-49E1-4E4B-8508-DE76FDBB34ED}
		{5D2223F3-AB9D-406F-8A48-C95149B1DCED} = {59E430B8-49E1-4E4B-8508-DE76FDBB34ED}
		{B6C7B493-5EBE-4516-9C49-39AD93B7DA95} = {59E430B8-49E1-4E4B-8508-DE76FDBB34ED}
		{633F5C7B-AABE-4E6F-9058-69C316693BE8} = {5D2223F3-AB9D-406F-8A48-C95149B1DCED}
		{2833FB5C-7D02-4372-AFC2-CB9CA754D011} = {5D2223F3-AB9D-406F-8A48-C95149B1DCED}
		{7D37B414-8DA3-4579-ACB3-351C28A1130E} = {F62FD0E1-D7A7-4C14-A50D-C657D2931569}
		{B47ED19E-8E66-4D36-A2B2-897B4E978274} = {F62FD0E1-D7A7-4C14-A50D-C657D2931569}
		{CD9784A1-68B7-4D08-B461-5BFA47FC8351} = {99EC7202-747F-4940-A247-438EE1E36E61}
	EndGlobalSection
	GlobalSection(ExtensibilityGlobals) = postSolution
		SolutionGuid = {ACC5D0C9-63B3-48C2-A80C-EB593F12E2E9}
	EndGlobalSection
EndGlobal
